
Microsoft Visual Studio Solution File, Format Version 12.00
# Visual Studio 15
VisualStudioVersion = 15.0.26730.16
MinimumVisualStudioVersion = 10.0.40219.1
Project("{8BC9CEB8-8B4A-11D0-8D11-00A0C91BC942}") = "SFML_banshao", "SFML_banshao\SFML_banshao.vcxproj", "{D13DE55F-AE8B-4FD1-99C1-AF751B21E143}"
EndProject
Global
	GlobalSection(SolutionConfigurationPlatforms) = preSolution
		Debug|x86 = Debug|x86
		Release|x86 = Release|x86
	EndGlobalSection
	GlobalSection(ProjectConfigurationPlatforms) = postSolution
		{D13DE55F-AE8B-4FD1-99C1-AF751B21E143}.Debug|x86.ActiveCfg = Debug|Win32
		{D13DE55F-AE8B-4FD1-99C1-AF751B21E143}.Debug|x86.Build.0 = Debug|Win32
		{D13DE55F-AE8B-4FD1-99C1-AF751B21E143}.Release|x86.ActiveCfg = Release|Win32
		{D13DE55F-AE8B-4FD1-99C1-AF751B21E143}.Release|x86.Build.0 = Release|Win32
	EndGlobalSection
	GlobalSection(SolutionProperties) = preSolution
		HideSolutionNode = FALSE
	EndGlobalSection
	GlobalSection(ExtensibilityGlobals) = postSolution
		SolutionGuid = {8975737D-AF49-4923-92D6-857D14C0D7CE}
	EndGlobalSection
EndGlobal
